// !$*UTF8*$!
{
	archiveVersion = 1;
	classes = {
	};
	objectVersion = 77;
	objects = {

/* Begin PBXBuildFile section */
		8E6311402DC9BC28000345ED /* ConfettiSwiftUI in Frameworks */ = {isa = PBXBuildFile; productRef = 8E63113F2DC9BC28000345ED /* ConfettiSwiftUI */; };
		8EC276862DCB23C0005DB98E /* ViewInspector in Frameworks */ = {isa = PBXBuildFile; productRef = 8EC276852DCB23C0005DB98E /* ViewInspector */; settings = {ATTRIBUTES = (Required, ); }; };
		8EE32C8E2DCA67E4000542DE /* GoogleSignIn in Frameworks */ = {isa = PBXBuildFile; productRef = 8EE32C8D2DCA67E4000542DE /* GoogleSignIn */; };
		8EE32C902DCA67E7000542DE /* GoogleSignInSwift in Frameworks */ = {isa = PBXBuildFile; productRef = 8EE32C8F2DCA67E7000542DE /* GoogleSignInSwift */; };
		A033B16C2DC8C4FB00A2F532 /* GoogleSignIn in Frameworks */ = {isa = PBXBuildFile; productRef = A033B16B2DC8C4FB00A2F532 /* GoogleSignIn */; };
		A033B16E2DC8C4FB00A2F532 /* GoogleSignInSwift in Frameworks */ = {isa = PBXBuildFile; productRef = A033B16D2DC8C4FB00A2F532 /* GoogleSignInSwift */; };
/* End PBXBuildFile section */

/* Begin PBXContainerItemProxy section */
		CE7701752DC70C700068F3E0 /* PBXContainerItemProxy */ = {
			isa = PBXContainerItemProxy;
			containerPortal = CE77015F2DC70C6F0068F3E0 /* Project object */;
			proxyType = 1;
			remoteGlobalIDString = CE7701662DC70C6F0068F3E0;
			remoteInfo = SRMY_iOS_app;
		};
		CE77017F2DC70C710068F3E0 /* PBXContainerItemProxy */ = {
			isa = PBXContainerItemProxy;
			containerPortal = CE77015F2DC70C6F0068F3E0 /* Project object */;
			proxyType = 1;
			remoteGlobalIDString = CE7701662DC70C6F0068F3E0;
			remoteInfo = SRMY_iOS_app;
		};
/* End PBXContainerItemProxy section */

/* Begin PBXFileReference section */
		CE7701672DC70C6F0068F3E0 /* SRMY_iOS_app.app */ = {isa = PBXFileReference; explicitFileType = wrapper.application; includeInIndex = 0; path = SRMY_iOS_app.app; sourceTree = BUILT_PRODUCTS_DIR; };
		CE7701742DC70C700068F3E0 /* SRMY_iOS_appTests.xctest */ = {isa = PBXFileReference; explicitFileType = wrapper.cfbundle; includeInIndex = 0; path = SRMY_iOS_appTests.xctest; sourceTree = BUILT_PRODUCTS_DIR; };
		CE77017E2DC70C710068F3E0 /* SRMY_iOS_appUITests.xctest */ = {isa = PBXFileReference; explicitFileType = wrapper.cfbundle; includeInIndex = 0; path = SRMY_iOS_appUITests.xctest; sourceTree = BUILT_PRODUCTS_DIR; };
/* End PBXFileReference section */

/* Begin PBXFileSystemSynchronizedBuildFileExceptionSet section */
		CEB721742DC8CD7500B4A855 /* Exceptions for "SRMY_iOS_app" folder in "SRMY_iOS_app" target */ = {
			isa = PBXFileSystemSynchronizedBuildFileExceptionSet;
			membershipExceptions = (
				"SRMY-iOS-app-Info.plist",
			);
			target = CE7701662DC70C6F0068F3E0 /* SRMY_iOS_app */;
		};
/* End PBXFileSystemSynchronizedBuildFileExceptionSet section */

/* Begin PBXFileSystemSynchronizedRootGroup section */
		CE7701692DC70C6F0068F3E0 /* SRMY_iOS_app */ = {
			isa = PBXFileSystemSynchronizedRootGroup;
			exceptions = (
				CEB721742DC8CD7500B4A855 /* Exceptions for "SRMY_iOS_app" folder in "SRMY_iOS_app" target */,
			);
			path = SRMY_iOS_app;
			sourceTree = "<group>";
		};
		CE7701772DC70C700068F3E0 /* SRMY_iOS_appTests */ = {
			isa = PBXFileSystemSynchronizedRootGroup;
			path = SRMY_iOS_appTests;
			sourceTree = "<group>";
		};
		CE7701812DC70C710068F3E0 /* SRMY_iOS_appUITests */ = {
			isa = PBXFileSystemSynchronizedRootGroup;
			path = SRMY_iOS_appUITests;
			sourceTree = "<group>";
		};
/* End PBXFileSystemSynchronizedRootGroup section */

/* Begin PBXFrameworksBuildPhase section */
		CE7701642DC70C6F0068F3E0 /* Frameworks */ = {
			isa = PBXFrameworksBuildPhase;
			buildActionMask = 2147483647;
			files = (
				8E6311402DC9BC28000345ED /* ConfettiSwiftUI in Frameworks */,
				A033B16C2DC8C4FB00A2F532 /* GoogleSignIn in Frameworks */,
				A033B16E2DC8C4FB00A2F532 /* GoogleSignInSwift in Frameworks */,
			);
			runOnlyForDeploymentPostprocessing = 0;
		};
		CE7701712DC70C700068F3E0 /* Frameworks */ = {
			isa = PBXFrameworksBuildPhase;
			buildActionMask = 2147483647;
			files = (
				8EC276862DCB23C0005DB98E /* ViewInspector in Frameworks */,
			);
			runOnlyForDeploymentPostprocessing = 0;
		};
		CE77017B2DC70C710068F3E0 /* Frameworks */ = {
			isa = PBXFrameworksBuildPhase;
			buildActionMask = 2147483647;
			files = (
				8EE32C8E2DCA67E4000542DE /* GoogleSignIn in Frameworks */,
				8EE32C902DCA67E7000542DE /* GoogleSignInSwift in Frameworks */,
			);
			runOnlyForDeploymentPostprocessing = 0;
		};
/* End PBXFrameworksBuildPhase section */

/* Begin PBXGroup section */
		A033B16A2DC8C4FB00A2F532 /* Frameworks */ = {
			isa = PBXGroup;
			children = (
			);
			name = Frameworks;
			sourceTree = "<group>";
		};
		CE77015E2DC70C6F0068F3E0 = {
			isa = PBXGroup;
			children = (
				CE7701692DC70C6F0068F3E0 /* SRMY_iOS_app */,
				CE7701772DC70C700068F3E0 /* SRMY_iOS_appTests */,
				CE7701812DC70C710068F3E0 /* SRMY_iOS_appUITests */,
				A033B16A2DC8C4FB00A2F532 /* Frameworks */,
				CE7701682DC70C6F0068F3E0 /* Products */,
			);
			sourceTree = "<group>";
		};
		CE7701682DC70C6F0068F3E0 /* Products */ = {
			isa = PBXGroup;
			children = (
				CE7701672DC70C6F0068F3E0 /* SRMY_iOS_app.app */,
				CE7701742DC70C700068F3E0 /* SRMY_iOS_appTests.xctest */,
				CE77017E2DC70C710068F3E0 /* SRMY_iOS_appUITests.xctest */,
			);
			name = Products;
			sourceTree = "<group>";
		};
/* End PBXGroup section */

/* Begin PBXNativeTarget section */
		CE7701662DC70C6F0068F3E0 /* SRMY_iOS_app */ = {
			isa = PBXNativeTarget;
			buildConfigurationList = CE7701882DC70C710068F3E0 /* Build configuration list for PBXNativeTarget "SRMY_iOS_app" */;
			buildPhases = (
				CE7701632DC70C6F0068F3E0 /* Sources */,
				CE7701642DC70C6F0068F3E0 /* Frameworks */,
				CE7701652DC70C6F0068F3E0 /* Resources */,
			);
			buildRules = (
			);
			dependencies = (
			);
			fileSystemSynchronizedGroups = (
				CE7701692DC70C6F0068F3E0 /* SRMY_iOS_app */,
			);
			name = SRMY_iOS_app;
			packageProductDependencies = (
				A033B16B2DC8C4FB00A2F532 /* GoogleSignIn */,
				A033B16D2DC8C4FB00A2F532 /* GoogleSignInSwift */,
				8E63113F2DC9BC28000345ED /* ConfettiSwiftUI */,
			);
			productName = SRMY_iOS_app;
			productReference = CE7701672DC70C6F0068F3E0 /* SRMY_iOS_app.app */;
			productType = "com.apple.product-type.application";
		};
		CE7701732DC70C700068F3E0 /* SRMY_iOS_appTests */ = {
			isa = PBXNativeTarget;
			buildConfigurationList = CE77018B2DC70C710068F3E0 /* Build configuration list for PBXNativeTarget "SRMY_iOS_appTests" */;
			buildPhases = (
				CE7701702DC70C700068F3E0 /* Sources */,
				CE7701712DC70C700068F3E0 /* Frameworks */,
				CE7701722DC70C700068F3E0 /* Resources */,
			);
			buildRules = (
			);
			dependencies = (
				CE7701762DC70C700068F3E0 /* PBXTargetDependency */,
			);
			fileSystemSynchronizedGroups = (
				CE7701772DC70C700068F3E0 /* SRMY_iOS_appTests */,
			);
			name = SRMY_iOS_appTests;
			packageProductDependencies = (
				8EC276852DCB23C0005DB98E /* ViewInspector */,
			);
			productName = SRMY_iOS_appTests;
			productReference = CE7701742DC70C700068F3E0 /* SRMY_iOS_appTests.xctest */;
			productType = "com.apple.product-type.bundle.unit-test";
		};
		CE77017D2DC70C710068F3E0 /* SRMY_iOS_appUITests */ = {
			isa = PBXNativeTarget;
			buildConfigurationList = CE77018E2DC70C710068F3E0 /* Build configuration list for PBXNativeTarget "SRMY_iOS_appUITests" */;
			buildPhases = (
				CE77017A2DC70C710068F3E0 /* Sources */,
				CE77017B2DC70C710068F3E0 /* Frameworks */,
				CE77017C2DC70C710068F3E0 /* Resources */,
			);
			buildRules = (
			);
			dependencies = (
				CE7701802DC70C710068F3E0 /* PBXTargetDependency */,
			);
			fileSystemSynchronizedGroups = (
				CE7701812DC70C710068F3E0 /* SRMY_iOS_appUITests */,
			);
			name = SRMY_iOS_appUITests;
			packageProductDependencies = (
				8EE32C8D2DCA67E4000542DE /* GoogleSignIn */,
				8EE32C8F2DCA67E7000542DE /* GoogleSignInSwift */,
			);
			productName = SRMY_iOS_appUITests;
			productReference = CE77017E2DC70C710068F3E0 /* SRMY_iOS_appUITests.xctest */;
			productType = "com.apple.product-type.bundle.ui-testing";
		};
/* End PBXNativeTarget section */

/* Begin PBXProject section */
		CE77015F2DC70C6F0068F3E0 /* Project object */ = {
			isa = PBXProject;
			attributes = {
				BuildIndependentTargetsInParallel = 1;
				LastSwiftUpdateCheck = 1630;
				LastUpgradeCheck = 1630;
				TargetAttributes = {
					CE7701662DC70C6F0068F3E0 = {
						CreatedOnToolsVersion = 16.3;
					};
					CE7701732DC70C700068F3E0 = {
						CreatedOnToolsVersion = 16.3;
						TestTargetID = CE7701662DC70C6F0068F3E0;
					};
					CE77017D2DC70C710068F3E0 = {
						CreatedOnToolsVersion = 16.3;
						TestTargetID = CE7701662DC70C6F0068F3E0;
					};
				};
			};
			buildConfigurationList = CE7701622DC70C6F0068F3E0 /* Build configuration list for PBXProject "SRMY_iOS_app" */;
			developmentRegion = en;
			hasScannedForEncodings = 0;
			knownRegions = (
				en,
				Base,
			);
			mainGroup = CE77015E2DC70C6F0068F3E0;
			minimizedProjectReferenceProxies = 1;
			packageReferences = (
				A033B1692DC8C4E900A2F532 /* XCRemoteSwiftPackageReference "GoogleSignIn-iOS" */,
				8E63113E2DC9BC28000345ED /* XCRemoteSwiftPackageReference "ConfettiSwiftUI" */,
				8EC276842DCB23C0005DB98E /* XCRemoteSwiftPackageReference "ViewInspector" */,
			);
			preferredProjectObjectVersion = 77;
			productRefGroup = CE7701682DC70C6F0068F3E0 /* Products */;
			projectDirPath = "";
			projectRoot = "";
			targets = (
				CE7701662DC70C6F0068F3E0 /* SRMY_iOS_app */,
				CE7701732DC70C700068F3E0 /* SRMY_iOS_appTests */,
				CE77017D2DC70C710068F3E0 /* SRMY_iOS_appUITests */,
			);
		};
/* End PBXProject section */

/* Begin PBXResourcesBuildPhase section */
		CE7701652DC70C6F0068F3E0 /* Resources */ = {
			isa = PBXResourcesBuildPhase;
			buildActionMask = 2147483647;
			files = (
			);
			runOnlyForDeploymentPostprocessing = 0;
		};
		CE7701722DC70C700068F3E0 /* Resources */ = {
			isa = PBXResourcesBuildPhase;
			buildActionMask = 2147483647;
			files = (
			);
			runOnlyForDeploymentPostprocessing = 0;
		};
		CE77017C2DC70C710068F3E0 /* Resources */ = {
			isa = PBXResourcesBuildPhase;
			buildActionMask = 2147483647;
			files = (
			);
			runOnlyForDeploymentPostprocessing = 0;
		};
/* End PBXResourcesBuildPhase section */

/* Begin PBXSourcesBuildPhase section */
		CE7701632DC70C6F0068F3E0 /* Sources */ = {
			isa = PBXSourcesBuildPhase;
			buildActionMask = 2147483647;
			files = (
			);
			runOnlyForDeploymentPostprocessing = 0;
		};
		CE7701702DC70C700068F3E0 /* Sources */ = {
			isa = PBXSourcesBuildPhase;
			buildActionMask = 2147483647;
			files = (
			);
			runOnlyForDeploymentPostprocessing = 0;
		};
		CE77017A2DC70C710068F3E0 /* Sources */ = {
			isa = PBXSourcesBuildPhase;
			buildActionMask = 2147483647;
			files = (
			);
			runOnlyForDeploymentPostprocessing = 0;
		};
/* End PBXSourcesBuildPhase section */

/* Begin PBXTargetDependency section */
		CE7701762DC70C700068F3E0 /* PBXTargetDependency */ = {
			isa = PBXTargetDependency;
			target = CE7701662DC70C6F0068F3E0 /* SRMY_iOS_app */;
			targetProxy = CE7701752DC70C700068F3E0 /* PBXContainerItemProxy */;
		};
		CE7701802DC70C710068F3E0 /* PBXTargetDependency */ = {
			isa = PBXTargetDependency;
			target = CE7701662DC70C6F0068F3E0 /* SRMY_iOS_app */;
			targetProxy = CE77017F2DC70C710068F3E0 /* PBXContainerItemProxy */;
		};
/* End PBXTargetDependency section */

/* Begin XCBuildConfiguration section */
		CE7701862DC70C710068F3E0 /* Debug */ = {
			isa = XCBuildConfiguration;
			buildSettings = {
				ALWAYS_SEARCH_USER_PATHS = NO;
				ASSETCATALOG_COMPILER_GENERATE_SWIFT_ASSET_SYMBOL_EXTENSIONS = YES;
				CLANG_ANALYZER_NONNULL = YES;
				CLANG_ANALYZER_NUMBER_OBJECT_CONVERSION = YES_AGGRESSIVE;
				CLANG_CXX_LANGUAGE_STANDARD = "gnu++20";
				CLANG_ENABLE_MODULES = YES;
				CLANG_ENABLE_OBJC_ARC = YES;
				CLANG_ENABLE_OBJC_WEAK = YES;
				CLANG_WARN_BLOCK_CAPTURE_AUTORELEASING = YES;
				CLANG_WARN_BOOL_CONVERSION = YES;
				CLANG_WARN_COMMA = YES;
				CLANG_WARN_CONSTANT_CONVERSION = YES;
				CLANG_WARN_DEPRECATED_OBJC_IMPLEMENTATIONS = YES;
				CLANG_WARN_DIRECT_OBJC_ISA_USAGE = YES_ERROR;
				CLANG_WARN_DOCUMENTATION_COMMENTS = YES;
				CLANG_WARN_EMPTY_BODY = YES;
				CLANG_WARN_ENUM_CONVERSION = YES;
				CLANG_WARN_INFINITE_RECURSION = YES;
				CLANG_WARN_INT_CONVERSION = YES;
				CLANG_WARN_NON_LITERAL_NULL_CONVERSION = YES;
				CLANG_WARN_OBJC_IMPLICIT_RETAIN_SELF = YES;
				CLANG_WARN_OBJC_LITERAL_CONVERSION = YES;
				CLANG_WARN_OBJC_ROOT_CLASS = YES_ERROR;
				CLANG_WARN_QUOTED_INCLUDE_IN_FRAMEWORK_HEADER = YES;
				CLANG_WARN_RANGE_LOOP_ANALYSIS = YES;
				CLANG_WARN_STRICT_PROTOTYPES = YES;
				CLANG_WARN_SUSPICIOUS_MOVE = YES;
				CLANG_WARN_UNGUARDED_AVAILABILITY = YES_AGGRESSIVE;
				CLANG_WARN_UNREACHABLE_CODE = YES;
				CLANG_WARN__DUPLICATE_METHOD_MATCH = YES;
				COPY_PHASE_STRIP = NO;
				DEBUG_INFORMATION_FORMAT = dwarf;
				ENABLE_STRICT_OBJC_MSGSEND = YES;
				ENABLE_TESTABILITY = YES;
				ENABLE_USER_SCRIPT_SANDBOXING = YES;
				GCC_C_LANGUAGE_STANDARD = gnu17;
				GCC_DYNAMIC_NO_PIC = NO;
				GCC_NO_COMMON_BLOCKS = YES;
				GCC_OPTIMIZATION_LEVEL = 0;
				GCC_PREPROCESSOR_DEFINITIONS = (
					"DEBUG=1",
					"$(inherited)",
				);
				GCC_WARN_64_TO_32_BIT_CONVERSION = YES;
				GCC_WARN_ABOUT_RETURN_TYPE = YES_ERROR;
				GCC_WARN_UNDECLARED_SELECTOR = YES;
				GCC_WARN_UNINITIALIZED_AUTOS = YES_AGGRESSIVE;
				GCC_WARN_UNUSED_FUNCTION = YES;
				GCC_WARN_UNUSED_VARIABLE = YES;
				IPHONEOS_DEPLOYMENT_TARGET = 16.6;
				LOCALIZATION_PREFERS_STRING_CATALOGS = YES;
				MTL_ENABLE_DEBUG_INFO = INCLUDE_SOURCE;
				MTL_FAST_MATH = YES;
				ONLY_ACTIVE_ARCH = YES;
				SDKROOT = iphoneos;
				SWIFT_ACTIVE_COMPILATION_CONDITIONS = "DEBUG $(inherited)";
				SWIFT_OPTIMIZATION_LEVEL = "-Onone";
			};
			name = Debug;
		};
		CE7701872DC70C710068F3E0 /* Release */ = {
			isa = XCBuildConfiguration;
			buildSettings = {
				ALWAYS_SEARCH_USER_PATHS = NO;
				ASSETCATALOG_COMPILER_GENERATE_SWIFT_ASSET_SYMBOL_EXTENSIONS = YES;
				CLANG_ANALYZER_NONNULL = YES;
				CLANG_ANALYZER_NUMBER_OBJECT_CONVERSION = YES_AGGRESSIVE;
				CLANG_CXX_LANGUAGE_STANDARD = "gnu++20";
				CLANG_ENABLE_MODULES = YES;
				CLANG_ENABLE_OBJC_ARC = YES;
				CLANG_ENABLE_OBJC_WEAK = YES;
				CLANG_WARN_BLOCK_CAPTURE_AUTORELEASING = YES;
				CLANG_WARN_BOOL_CONVERSION = YES;
				CLANG_WARN_COMMA = YES;
				CLANG_WARN_CONSTANT_CONVERSION = YES;
				CLANG_WARN_DEPRECATED_OBJC_IMPLEMENTATIONS = YES;
				CLANG_WARN_DIRECT_OBJC_ISA_USAGE = YES_ERROR;
				CLANG_WARN_DOCUMENTATION_COMMENTS = YES;
				CLANG_WARN_EMPTY_BODY = YES;
				CLANG_WARN_ENUM_CONVERSION = YES;
				CLANG_WARN_INFINITE_RECURSION = YES;
				CLANG_WARN_INT_CONVERSION = YES;
				CLANG_WARN_NON_LITERAL_NULL_CONVERSION = YES;
				CLANG_WARN_OBJC_IMPLICIT_RETAIN_SELF = YES;
				CLANG_WARN_OBJC_LITERAL_CONVERSION = YES;
				CLANG_WARN_OBJC_ROOT_CLASS = YES_ERROR;
				CLANG_WARN_QUOTED_INCLUDE_IN_FRAMEWORK_HEADER = YES;
				CLANG_WARN_RANGE_LOOP_ANALYSIS = YES;
				CLANG_WARN_STRICT_PROTOTYPES = YES;
				CLANG_WARN_SUSPICIOUS_MOVE = YES;
				CLANG_WARN_UNGUARDED_AVAILABILITY = YES_AGGRESSIVE;
				CLANG_WARN_UNREACHABLE_CODE = YES;
				CLANG_WARN__DUPLICATE_METHOD_MATCH = YES;
				COPY_PHASE_STRIP = NO;
				DEBUG_INFORMATION_FORMAT = "dwarf-with-dsym";
				ENABLE_NS_ASSERTIONS = NO;
				ENABLE_STRICT_OBJC_MSGSEND = YES;
				ENABLE_USER_SCRIPT_SANDBOXING = YES;
				GCC_C_LANGUAGE_STANDARD = gnu17;
				GCC_NO_COMMON_BLOCKS = YES;
				GCC_WARN_64_TO_32_BIT_CONVERSION = YES;
				GCC_WARN_ABOUT_RETURN_TYPE = YES_ERROR;
				GCC_WARN_UNDECLARED_SELECTOR = YES;
				GCC_WARN_UNINITIALIZED_AUTOS = YES_AGGRESSIVE;
				GCC_WARN_UNUSED_FUNCTION = YES;
				GCC_WARN_UNUSED_VARIABLE = YES;
				IPHONEOS_DEPLOYMENT_TARGET = 16.6;
				LOCALIZATION_PREFERS_STRING_CATALOGS = YES;
				MTL_ENABLE_DEBUG_INFO = NO;
				MTL_FAST_MATH = YES;
				SDKROOT = iphoneos;
				SWIFT_COMPILATION_MODE = wholemodule;
				VALIDATE_PRODUCT = YES;
			};
			name = Release;
		};
		CE7701892DC70C710068F3E0 /* Debug */ = {
			isa = XCBuildConfiguration;
			buildSettings = {
				ASSETCATALOG_COMPILER_APPICON_NAME = AppIcon;
				ASSETCATALOG_COMPILER_GLOBAL_ACCENT_COLOR_NAME = AccentColor;
				CODE_SIGN_STYLE = Automatic;
				CURRENT_PROJECT_VERSION = 1;
				ENABLE_PREVIEWS = YES;
				GENERATE_INFOPLIST_FILE = YES;
				INFOPLIST_FILE = "SRMY-iOS-app-Info.plist";
				INFOPLIST_KEY_UIApplicationSceneManifest_Generation = YES;
				INFOPLIST_KEY_UIApplicationSupportsIndirectInputEvents = YES;
				INFOPLIST_KEY_UILaunchScreen_Generation = YES;
				INFOPLIST_KEY_UISupportedInterfaceOrientations_iPad = "UIInterfaceOrientationPortrait UIInterfaceOrientationPortraitUpsideDown UIInterfaceOrientationLandscapeLeft UIInterfaceOrientationLandscapeRight";
				INFOPLIST_KEY_UISupportedInterfaceOrientations_iPhone = "UIInterfaceOrientationPortrait UIInterfaceOrientationLandscapeLeft UIInterfaceOrientationLandscapeRight";
				IPHONEOS_DEPLOYMENT_TARGET = 16.6;
				LD_RUNPATH_SEARCH_PATHS = (
					"$(inherited)",
					"@executable_path/Frameworks",
				);
				MARKETING_VERSION = 1.0;
				PRODUCT_BUNDLE_IDENTIFIER = "yamamoto.SRMY-iOS-app";
				PRODUCT_NAME = "$(TARGET_NAME)";
				SWIFT_EMIT_LOC_STRINGS = YES;
				SWIFT_VERSION = 5.0;
				TARGETED_DEVICE_FAMILY = "1,2";
			};
			name = Debug;
		};
		CE77018A2DC70C710068F3E0 /* Release */ = {
			isa = XCBuildConfiguration;
			buildSettings = {
				ASSETCATALOG_COMPILER_APPICON_NAME = AppIcon;
				ASSETCATALOG_COMPILER_GLOBAL_ACCENT_COLOR_NAME = AccentColor;
				CODE_SIGN_STYLE = Automatic;
				CURRENT_PROJECT_VERSION = 1;
				ENABLE_PREVIEWS = YES;
				GENERATE_INFOPLIST_FILE = YES;
				INFOPLIST_FILE = "SRMY-iOS-app-Info.plist";
				INFOPLIST_KEY_UIApplicationSceneManifest_Generation = YES;
				INFOPLIST_KEY_UIApplicationSupportsIndirectInputEvents = YES;
				INFOPLIST_KEY_UILaunchScreen_Generation = YES;
				INFOPLIST_KEY_UISupportedInterfaceOrientations_iPad = "UIInterfaceOrientationPortrait UIInterfaceOrientationPortraitUpsideDown UIInterfaceOrientationLandscapeLeft UIInterfaceOrientationLandscapeRight";
				INFOPLIST_KEY_UISupportedInterfaceOrientations_iPhone = "UIInterfaceOrientationPortrait UIInterfaceOrientationLandscapeLeft UIInterfaceOrientationLandscapeRight";
				IPHONEOS_DEPLOYMENT_TARGET = 16.6;
				LD_RUNPATH_SEARCH_PATHS = (
					"$(inherited)",
					"@executable_path/Frameworks",
				);
				MARKETING_VERSION = 1.0;
				PRODUCT_BUNDLE_IDENTIFIER = "yamamoto.SRMY-iOS-app";
				PRODUCT_NAME = "$(TARGET_NAME)";
				SWIFT_EMIT_LOC_STRINGS = YES;
				SWIFT_VERSION = 5.0;
				TARGETED_DEVICE_FAMILY = "1,2";
			};
			name = Release;
		};
		CE77018C2DC70C710068F3E0 /* Debug */ = {
			isa = XCBuildConfiguration;
			buildSettings = {
				BUNDLE_LOADER = "$(TEST_HOST)";
				CODE_SIGN_STYLE = Automatic;
				CURRENT_PROJECT_VERSION = 1;
				GENERATE_INFOPLIST_FILE = YES;
				IPHONEOS_DEPLOYMENT_TARGET = 16.6;
				MARKETING_VERSION = 1.0;
				PRODUCT_BUNDLE_IDENTIFIER = "yamamoto.SRMY-iOS-appTests";
				PRODUCT_NAME = "$(TARGET_NAME)";
				SWIFT_EMIT_LOC_STRINGS = NO;
				SWIFT_VERSION = 5.0;
				TARGETED_DEVICE_FAMILY = "1,2";
				TEST_HOST = "$(BUILT_PRODUCTS_DIR)/SRMY_iOS_app.app/$(BUNDLE_EXECUTABLE_FOLDER_PATH)/SRMY_iOS_app";
			};
			name = Debug;
		};
		CE77018D2DC70C710068F3E0 /* Release */ = {
			isa = XCBuildConfiguration;
			buildSettings = {
				BUNDLE_LOADER = "$(TEST_HOST)";
				CODE_SIGN_STYLE = Automatic;
				CURRENT_PROJECT_VERSION = 1;
				GENERATE_INFOPLIST_FILE = YES;
				IPHONEOS_DEPLOYMENT_TARGET = 16.6;
				MARKETING_VERSION = 1.0;
				PRODUCT_BUNDLE_IDENTIFIER = "yamamoto.SRMY-iOS-appTests";
				PRODUCT_NAME = "$(TARGET_NAME)";
				SWIFT_EMIT_LOC_STRINGS = NO;
				SWIFT_VERSION = 5.0;
				TARGETED_DEVICE_FAMILY = "1,2";
				TEST_HOST = "$(BUILT_PRODUCTS_DIR)/SRMY_iOS_app.app/$(BUNDLE_EXECUTABLE_FOLDER_PATH)/SRMY_iOS_app";
			};
			name = Release;
		};
		CE77018F2DC70C710068F3E0 /* Debug */ = {
			isa = XCBuildConfiguration;
			buildSettings = {
				CODE_SIGN_STYLE = Automatic;
				CURRENT_PROJECT_VERSION = 1;
				GENERATE_INFOPLIST_FILE = YES;
				MARKETING_VERSION = 1.0;
				PRODUCT_BUNDLE_IDENTIFIER = "yamamoto.SRMY-iOS-appUITests";
				PRODUCT_NAME = "$(TARGET_NAME)";
				SWIFT_EMIT_LOC_STRINGS = NO;
				SWIFT_VERSION = 5.0;
				TARGETED_DEVICE_FAMILY = "1,2";
				TEST_TARGET_NAME = SRMY_iOS_app;
			};
			name = Debug;
		};
		CE7701902DC70C710068F3E0 /* Release */ = {
			isa = XCBuildConfiguration;
			buildSettings = {
				CODE_SIGN_STYLE = Automatic;
				CURRENT_PROJECT_VERSION = 1;
				GENERATE_INFOPLIST_FILE = YES;
				MARKETING_VERSION = 1.0;
				PRODUCT_BUNDLE_IDENTIFIER = "yamamoto.SRMY-iOS-appUITests";
				PRODUCT_NAME = "$(TARGET_NAME)";
				SWIFT_EMIT_LOC_STRINGS = NO;
				SWIFT_VERSION = 5.0;
				TARGETED_DEVICE_FAMILY = "1,2";
				TEST_TARGET_NAME = SRMY_iOS_app;
			};
			name = Release;
		};
/* End XCBuildConfiguration section */

/* Begin XCConfigurationList section */
		CE7701622DC70C6F0068F3E0 /* Build configuration list for PBXProject "SRMY_iOS_app" */ = {
			isa = XCConfigurationList;
			buildConfigurations = (
				CE7701862DC70C710068F3E0 /* Debug */,
				CE7701872DC70C710068F3E0 /* Release */,
			);
			defaultConfigurationIsVisible = 0;
			defaultConfigurationName = Release;
		};
		CE7701882DC70C710068F3E0 /* Build configuration list for PBXNativeTarget "SRMY_iOS_app" */ = {
			isa = XCConfigurationList;
			buildConfigurations = (
				CE7701892DC70C710068F3E0 /* Debug */,
				CE77018A2DC70C710068F3E0 /* Release */,
			);
			defaultConfigurationIsVisible = 0;
			defaultConfigurationName = Release;
		};
		CE77018B2DC70C710068F3E0 /* Build configuration list for PBXNativeTarget "SRMY_iOS_appTests" */ = {
			isa = XCConfigurationList;
			buildConfigurations = (
				CE77018C2DC70C710068F3E0 /* Debug */,
				CE77018D2DC70C710068F3E0 /* Release */,
			);
			defaultConfigurationIsVisible = 0;
			defaultConfigurationName = Release;
		};
		CE77018E2DC70C710068F3E0 /* Build configuration list for PBXNativeTarget "SRMY_iOS_appUITests" */ = {
			isa = XCConfigurationList;
			buildConfigurations = (
				CE77018F2DC70C710068F3E0 /* Debug */,
				CE7701902DC70C710068F3E0 /* Release */,
			);
			defaultConfigurationIsVisible = 0;
			defaultConfigurationName = Release;
		};
/* End XCConfigurationList section */

/* Begin XCRemoteSwiftPackageReference section */
		8E63113E2DC9BC28000345ED /* XCRemoteSwiftPackageReference "ConfettiSwiftUI" */ = {
			isa = XCRemoteSwiftPackageReference;
			repositoryURL = "https://github.com/simibac/ConfettiSwiftUI";
			requirement = {
				kind = upToNextMajorVersion;
				minimumVersion = 2.0.3;
			};
		};
		8EC276842DCB23C0005DB98E /* XCRemoteSwiftPackageReference "ViewInspector" */ = {
			isa = XCRemoteSwiftPackageReference;
			repositoryURL = "https://github.com/nalexn/ViewInspector.git";
			requirement = {
				kind = upToNextMajorVersion;
				minimumVersion = 0.10.1;
			};
		};
		A033B1692DC8C4E900A2F532 /* XCRemoteSwiftPackageReference "GoogleSignIn-iOS" */ = {
			isa = XCRemoteSwiftPackageReference;
			repositoryURL = "https://github.com/google/GoogleSignIn-iOS";
			requirement = {
				kind = upToNextMajorVersion;
				minimumVersion = 8.0.0;
			};
		};
/* End XCRemoteSwiftPackageReference section */

/* Begin XCSwiftPackageProductDependency section */
		8E63113F2DC9BC28000345ED /* ConfettiSwiftUI */ = {
			isa = XCSwiftPackageProductDependency;
			package = 8E63113E2DC9BC28000345ED /* XCRemoteSwiftPackageReference "ConfettiSwiftUI" */;
			productName = ConfettiSwiftUI;
		};
		8EC276852DCB23C0005DB98E /* ViewInspector */ = {
			isa = XCSwiftPackageProductDependency;
			package = 8EC276842DCB23C0005DB98E /* XCRemoteSwiftPackageReference "ViewInspector" */;
			productName = ViewInspector;
		};
		8EE32C8D2DCA67E4000542DE /* GoogleSignIn */ = {
			isa = XCSwiftPackageProductDependency;
			package = A033B1692DC8C4E900A2F532 /* XCRemoteSwiftPackageReference "GoogleSignIn-iOS" */;
			productName = GoogleSignIn;
		};
		8EE32C8F2DCA67E7000542DE /* GoogleSignInSwift */ = {
			isa = XCSwiftPackageProductDependency;
			package = A033B1692DC8C4E900A2F532 /* XCRemoteSwiftPackageReference "GoogleSignIn-iOS" */;
			productName = GoogleSignInSwift;
		};
		A033B16B2DC8C4FB00A2F532 /* GoogleSignIn */ = {
			isa = XCSwiftPackageProductDependency;
			package = A033B1692DC8C4E900A2F532 /* XCRemoteSwiftPackageReference "GoogleSignIn-iOS" */;
			productName = GoogleSignIn;
		};
		A033B16D2DC8C4FB00A2F532 /* GoogleSignInSwift */ = {
			isa = XCSwiftPackageProductDependency;
			package = A033B1692DC8C4E900A2F532 /* XCRemoteSwiftPackageReference "GoogleSignIn-iOS" */;
			productName = GoogleSignInSwift;
		};
/* End XCSwiftPackageProductDependency section */
	};
	rootObject = CE77015F2DC70C6F0068F3E0 /* Project object */;
}
